# THIS IS AN AUTOGENERATED FILE. DO NOT EDIT THIS FILE DIRECTLY.
# yarn lockfile v1


"@types/node@^20.14.2", "@types/node@^20.14.8":
  version "20.17.16"
  resolved "https://registry.npmmirror.com/@types/node/-/node-20.17.16.tgz#b33b0edc1bf925b27349e494b871ca4451fabab4"
  integrity sha512-vOTpLduLkZXePLxHiHsBLp98mHGnl8RptV4YAO3HfKO5UHjDvySGbxKtpYfy8Sx5+WKcgc45qNreJJRVM3L6mw==
  dependencies:
    undici-types "~6.19.2"

electron-ofp@^1.0.113:
  version "1.0.113"
  resolved "https://registry.npmmirror.com/electron-ofp/-/electron-ofp-1.0.113.tgz#30ce2c210396b20fdff94a0e6d10e522006441fd"
  integrity sha512-Ot0QVMkHAsXBGw+b9F1d7kmY3CrGFpLp3to/TK0tgunrkAGabxiFbBMS6gazan2bnXKhoUIuB9CSXoluXLxVUA==
  dependencies:
    "@types/node" "^20.14.2"
    type-electron "^1.0.4"

save-tool@^1.0.4:
  version "1.0.4"
  resolved "https://registry.npmmirror.com/save-tool/-/save-tool-1.0.4.tgz#b9af882e443c9411c0a60ab6ebb237392d80d4ae"
  integrity sha512-xujpmoP8FNqTKlbDIyQnSWIzfQTL8dxoNUddHrgSUKQVZFEw8Iym5yC5qrCmC8Rh2kqxmYsBitBEW5DJpXNzdw==
  dependencies:
    "@types/node" "^20.14.8"

type-electron@^1.0.4:
  version "1.0.4"
  resolved "https://registry.npmmirror.com/type-electron/-/type-electron-1.0.4.tgz#e5f4c3a33371ce23f7f96c1ac2e7c595b36fc6f0"
  integrity sha512-yd/3vEjDZQEsTLsu6qTDdFkt1vUGUaaSZoMI8tUq/FX/pZtGcgSmfBHiAN9DcHwxQ1N7tOLoIClq9HOgDB2/8w==

undici-types@~6.19.2:
  version "6.19.8"
  resolved "https://registry.npmmirror.com/undici-types/-/undici-types-6.19.8.tgz#35111c9d1437ab83a7cdc0abae2f26d88eda0a02"
  integrity sha512-ve2KP6f/JnbPBFyobGHuerC9g1FYGn/F8n1LWTwNxCEzd6IfqTwUQcNXgEtmmQ6DlRrC1hrSrBnCZPokRrDHjw==
